
Microsoft Visual Studio Solution File, Format Version 12.00
# Visual Studio Version 17
VisualStudioVersion = 17.14.36518.9 d17.14
MinimumVisualStudioVersion = 10.0.40219.1
Project("{FAE04EC0-301F-11D3-BF4B-00C04F79EFBC}") = "Mod_Usage_Examples", "Mod_Usage_Examples\Mod_Usage_Examples.csproj", "{E0AB9BBF-343B-430E-A9BD-30AE344F723F}"
EndProject
Global
	GlobalSection(SolutionConfigurationPlatforms) = preSolution
		Debug|Any CPU = Debug|Any CPU
		Release|Any CPU = Release|Any CPU
	EndGlobalSection
	GlobalSection(ProjectConfigurationPlatforms) = postSolution
		{E0AB9BBF-343B-430E-A9BD-30AE344F723F}.Debug|Any CPU.ActiveCfg = Debug|Any CPU
		{E0AB9BBF-343B-430E-A9BD-30AE344F723F}.Debug|Any CPU.Build.0 = Debug|Any CPU
		{E0AB9BBF-343B-430E-A9BD-30AE344F723F}.Release|Any CPU.ActiveCfg = Release|Any CPU
		{E0AB9BBF-343B-430E-A9BD-30AE344F723F}.Release|Any CPU.Build.0 = Release|Any CPU
	EndGlobalSection
	GlobalSection(SolutionProperties) = preSolution
		HideSolutionNode = FALSE
	EndGlobalSection
	GlobalSection(ExtensibilityGlobals) = postSolution
		SolutionGuid = {D90E9397-DB68-4F94-B78C-E1FE6B040379}
	EndGlobalSection
EndGlobal
