
Microsoft Visual Studio Solution File, Format Version 12.00
# Visual Studio Version 17
VisualStudioVersion = 17.14.36518.9 d17.14
MinimumVisualStudioVersion = 10.0.40219.1
Project("{FAE04EC0-301F-11D3-BF4B-00C04F79EFBC}") = "If_&_Else_Examples", "If_&_Else_Examples\If_&_Else_Examples.csproj", "{0C5EE4CB-51E7-4B6B-8CD7-77C33A6921ED}"
EndProject
Global
	GlobalSection(SolutionConfigurationPlatforms) = preSolution
		Debug|Any CPU = Debug|Any CPU
		Release|Any CPU = Release|Any CPU
	EndGlobalSection
	GlobalSection(ProjectConfigurationPlatforms) = postSolution
		{0C5EE4CB-51E7-4B6B-8CD7-77C33A6921ED}.Debug|Any CPU.ActiveCfg = Debug|Any CPU
		{0C5EE4CB-51E7-4B6B-8CD7-77C33A6921ED}.Debug|Any CPU.Build.0 = Debug|Any CPU
		{0C5EE4CB-51E7-4B6B-8CD7-77C33A6921ED}.Release|Any CPU.ActiveCfg = Release|Any CPU
		{0C5EE4CB-51E7-4B6B-8CD7-77C33A6921ED}.Release|Any CPU.Build.0 = Release|Any CPU
	EndGlobalSection
	GlobalSection(SolutionProperties) = preSolution
		HideSolutionNode = FALSE
	EndGlobalSection
	GlobalSection(ExtensibilityGlobals) = postSolution
		SolutionGuid = {CF4458AF-AF3A-4B84-B3FA-7F39D3DFE18D}
	EndGlobalSection
EndGlobal
